
Microsoft Visual Studio Solution File, Format Version 12.00
# Visual Studio 15
VisualStudioVersion = 15.0.27428.2011
MinimumVisualStudioVersion = 10.0.40219.1
Project("{FAE04EC0-301F-11D3-BF4B-00C04F79EFBC}") = "Analysis", "Analysis.csproj", "{4C5F0764-5828-400D-97C7-692ADC734025}"
EndProject
Project("{888888A0-9F3D-457C-B088-3A5042F75D52}") = "PyWrapper", "..\PyWrapper\PyWrapper.pyproj", "{4306EC60-928F-43EE-A082-A8570A178497}"
EndProject
Global
	GlobalSection(SolutionConfigurationPlatforms) = preSolution
		Debug|Any CPU = Debug|Any CPU
		Release|Any CPU = Release|Any CPU
	EndGlobalSection
	GlobalSection(ProjectConfigurationPlatforms) = postSolution
		{4C5F0764-5828-400D-97C7-692ADC734025}.Debug|Any CPU.ActiveCfg = Debug|Any CPU
		{4C5F0764-5828-400D-97C7-692ADC734025}.Debug|Any CPU.Build.0 = Debug|Any CPU
		{4C5F0764-5828-400D-97C7-692ADC734025}.Release|Any CPU.ActiveCfg = Release|Any CPU
		{4C5F0764-5828-400D-97C7-692ADC734025}.Release|Any CPU.Build.0 = Release|Any CPU
		{4306EC60-928F-43EE-A082-A8570A178497}.Debug|Any CPU.ActiveCfg = Debug|Any CPU
		{4306EC60-928F-43EE-A082-A8570A178497}.Release|Any CPU.ActiveCfg = Release|Any CPU
	EndGlobalSection
	GlobalSection(SolutionProperties) = preSolution
		HideSolutionNode = FALSE
	EndGlobalSection
	GlobalSection(ExtensibilityGlobals) = postSolution
		SolutionGuid = {07EC8BD6-8199-4FB4-A776-7240F331542F}
	EndGlobalSection
EndGlobal
