
Microsoft Visual Studio Solution File, Format Version 12.00
# Visual Studio 15
VisualStudioVersion = 15.0.27428.2011
MinimumVisualStudioVersion = 10.0.40219.1
Project("{FAE04EC0-301F-11D3-BF4B-00C04F79EFBC}") = "Analysis", "Analysis.csproj", "{4C5F0764-5828-400D-97C7-692ADC734025}"
EndProject
Project("{FAE04EC0-301F-11D3-BF4B-00C04F79EFBC}") = "TestDll", "TestDll\TestDll.csproj", "{07D107A4-C44C-480A-8ABC-BD858550D64D}"
EndProject
Global
	GlobalSection(SolutionConfigurationPlatforms) = preSolution
		Debug|Any CPU = Debug|Any CPU
		Debug|x64 = Debug|x64
		Release|Any CPU = Release|Any CPU
		Release|x64 = Release|x64
	EndGlobalSection
	GlobalSection(ProjectConfigurationPlatforms) = postSolution
		{4C5F0764-5828-400D-97C7-692ADC734025}.Debug|Any CPU.ActiveCfg = Debug|Any CPU
		{4C5F0764-5828-400D-97C7-692ADC734025}.Debug|Any CPU.Build.0 = Debug|Any CPU
		{4C5F0764-5828-400D-97C7-692ADC734025}.Debug|x64.ActiveCfg = Debug|Any CPU
		{4C5F0764-5828-400D-97C7-692ADC734025}.Debug|x64.Build.0 = Debug|Any CPU
		{4C5F0764-5828-400D-97C7-692ADC734025}.Release|Any CPU.ActiveCfg = Release|Any CPU
		{4C5F0764-5828-400D-97C7-692ADC734025}.Release|Any CPU.Build.0 = Release|Any CPU
		{4C5F0764-5828-400D-97C7-692ADC734025}.Release|x64.ActiveCfg = Release|Any CPU
		{4C5F0764-5828-400D-97C7-692ADC734025}.Release|x64.Build.0 = Release|Any CPU
		{07D107A4-C44C-480A-8ABC-BD858550D64D}.Debug|Any CPU.ActiveCfg = Debug|Any CPU
		{07D107A4-C44C-480A-8ABC-BD858550D64D}.Debug|Any CPU.Build.0 = Debug|Any CPU
		{07D107A4-C44C-480A-8ABC-BD858550D64D}.Debug|x64.ActiveCfg = Debug|x64
		{07D107A4-C44C-480A-8ABC-BD858550D64D}.Debug|x64.Build.0 = Debug|x64
		{07D107A4-C44C-480A-8ABC-BD858550D64D}.Release|Any CPU.ActiveCfg = Release|Any CPU
		{07D107A4-C44C-480A-8ABC-BD858550D64D}.Release|Any CPU.Build.0 = Release|Any CPU
		{07D107A4-C44C-480A-8ABC-BD858550D64D}.Release|x64.ActiveCfg = Release|x64
		{07D107A4-C44C-480A-8ABC-BD858550D64D}.Release|x64.Build.0 = Release|x64
	EndGlobalSection
	GlobalSection(SolutionProperties) = preSolution
		HideSolutionNode = FALSE
	EndGlobalSection
	GlobalSection(ExtensibilityGlobals) = postSolution
		SolutionGuid = {07EC8BD6-8199-4FB4-A776-7240F331542F}
	EndGlobalSection
EndGlobal
